
Microsoft Visual Studio Solution File, Format Version 12.00
# Visual Studio Version 16
VisualStudioVersion = 16.0.31129.286
MinimumVisualStudioVersion = 10.0.40219.1
Project("{9A19103F-16F7-4668-BE54-9A1E7A4F7556}") = "MusicVideos", "MusicVideos\MusicVideos.csproj", "{696FC9A9-4442-4A90-BD86-EB959B2EC2D7}"
EndProject
Project("{FAE04EC0-301F-11D3-BF4B-00C04F79EFBC}") = "FileImporter", "FileImporter\FileImporter.csproj", "{67D5A0D8-69AF-481A-BE22-B97778FFB85C}"
EndProject
Project("{2150E333-8FDC-42A3-9474-1A3956D46DE8}") = "Solution Items", "Solution Items", "{1CC1266A-CE9F-4379-AF4D-B9960888259B}"
EndProject
Project("{9A19103F-16F7-4668-BE54-9A1E7A4F7556}") = "MusicVideosRemote", "MusicVideosRemote\MusicVideosRemote.csproj", "{BA6D39AA-110D-4436-AE51-ED290310C581}"
EndProject
Project("{FAE04EC0-301F-11D3-BF4B-00C04F79EFBC}") = "MusicVideosRemote.Android", "MusicVideosRemote.Android\MusicVideosRemote.Android.csproj", "{116EDC74-6C12-47A7-99C8-1E9C5FDEC5C2}"
EndProject
Global
	GlobalSection(SolutionConfigurationPlatforms) = preSolution
		Debug|Any CPU = Debug|Any CPU
		Release|Any CPU = Release|Any CPU
	EndGlobalSection
	GlobalSection(ProjectConfigurationPlatforms) = postSolution
		{696FC9A9-4442-4A90-BD86-EB959B2EC2D7}.Debug|Any CPU.ActiveCfg = Debug|Any CPU
		{696FC9A9-4442-4A90-BD86-EB959B2EC2D7}.Debug|Any CPU.Build.0 = Debug|Any CPU
		{696FC9A9-4442-4A90-BD86-EB959B2EC2D7}.Release|Any CPU.ActiveCfg = Release|Any CPU
		{696FC9A9-4442-4A90-BD86-EB959B2EC2D7}.Release|Any CPU.Build.0 = Release|Any CPU
		{67D5A0D8-69AF-481A-BE22-B97778FFB85C}.Debug|Any CPU.ActiveCfg = Debug|Any CPU
		{67D5A0D8-69AF-481A-BE22-B97778FFB85C}.Debug|Any CPU.Build.0 = Debug|Any CPU
		{67D5A0D8-69AF-481A-BE22-B97778FFB85C}.Release|Any CPU.ActiveCfg = Release|Any CPU
		{67D5A0D8-69AF-481A-BE22-B97778FFB85C}.Release|Any CPU.Build.0 = Release|Any CPU
		{BA6D39AA-110D-4436-AE51-ED290310C581}.Debug|Any CPU.ActiveCfg = Debug|Any CPU
		{BA6D39AA-110D-4436-AE51-ED290310C581}.Debug|Any CPU.Build.0 = Debug|Any CPU
		{BA6D39AA-110D-4436-AE51-ED290310C581}.Release|Any CPU.ActiveCfg = Release|Any CPU
		{BA6D39AA-110D-4436-AE51-ED290310C581}.Release|Any CPU.Build.0 = Release|Any CPU
		{116EDC74-6C12-47A7-99C8-1E9C5FDEC5C2}.Debug|Any CPU.ActiveCfg = Debug|Any CPU
		{116EDC74-6C12-47A7-99C8-1E9C5FDEC5C2}.Debug|Any CPU.Build.0 = Debug|Any CPU
		{116EDC74-6C12-47A7-99C8-1E9C5FDEC5C2}.Debug|Any CPU.Deploy.0 = Debug|Any CPU
		{116EDC74-6C12-47A7-99C8-1E9C5FDEC5C2}.Release|Any CPU.ActiveCfg = Release|Any CPU
		{116EDC74-6C12-47A7-99C8-1E9C5FDEC5C2}.Release|Any CPU.Build.0 = Release|Any CPU
		{116EDC74-6C12-47A7-99C8-1E9C5FDEC5C2}.Release|Any CPU.Deploy.0 = Release|Any CPU
	EndGlobalSection
	GlobalSection(SolutionProperties) = preSolution
		HideSolutionNode = FALSE
	EndGlobalSection
	GlobalSection(ExtensibilityGlobals) = postSolution
		SolutionGuid = {3369E098-75EE-421F-A939-568C9195033A}
	EndGlobalSection
EndGlobal
